
Microsoft Visual Studio Solution File, Format Version 12.00
# Visual Studio Version 17
VisualStudioVersion = 17.6.33829.357
MinimumVisualStudioVersion = 10.0.40219.1
Project("{FAE04EC0-301F-11D3-BF4B-00C04F79EFBC}") = "tmj2snes", "tmj2snes\tmj2snes.csproj", "{D10CEB54-42BB-4B88-B757-02650391EE5E}"
EndProject
Global
	GlobalSection(SolutionConfigurationPlatforms) = preSolution
		Debug|Any CPU = Debug|Any CPU
		Release|Any CPU = Release|Any CPU
	EndGlobalSection
	GlobalSection(ProjectConfigurationPlatforms) = postSolution
		{D10CEB54-42BB-4B88-B757-02650391EE5E}.Debug|Any CPU.ActiveCfg = Debug|Any CPU
		{D10CEB54-42BB-4B88-B757-02650391EE5E}.Debug|Any CPU.Build.0 = Debug|Any CPU
		{D10CEB54-42BB-4B88-B757-02650391EE5E}.Release|Any CPU.ActiveCfg = Release|Any CPU
		{D10CEB54-42BB-4B88-B757-02650391EE5E}.Release|Any CPU.Build.0 = Release|Any CPU
	EndGlobalSection
	GlobalSection(SolutionProperties) = preSolution
		HideSolutionNode = FALSE
	EndGlobalSection
	GlobalSection(ExtensibilityGlobals) = postSolution
		SolutionGuid = {014602B7-9964-43EA-81C6-ED26FFF5A414}
	EndGlobalSection
EndGlobal
